Microsoft Visual Studio Solution File, Format Version 12.00
# Visual Studio Version 17
VisualStudioVersion = 17.0.31903.59
MinimumVisualStudioVersion = 10.0.40219.1
Project("{9A19103F-16F7-4668-BE54-9A1E7A4F7556}") = "LogicLens.Core", "src\LogicLens.Core\LogicLens.Core.csproj", "{8C7E57BE-2E42-4D5C-A6D5-A57F71220E16}"
EndProject
Project("{9A19103F-16F7-4668-BE54-9A1E7A4F7556}") = "LogicLens.Prolog", "src\LogicLens.Prolog\LogicLens.Prolog.csproj", "{C05E742D-5917-47BC-8677-30AC7C578095}"
EndProject
Project("{9A19103F-16F7-4668-BE54-9A1E7A4F7556}") = "LogicLens.Protocol", "src\LogicLens.Protocol\LogicLens.Protocol.csproj", "{ED330744-56BD-4A97-A5F4-4C9D3DC73C93}"
EndProject
Project("{9A19103F-16F7-4668-BE54-9A1E7A4F7556}") = "LogicLens.Ui", "src\LogicLens.Ui\LogicLens.Ui.csproj", "{EE3FA6B7-71ED-43B8-BB8A-DA3B15654B37}"
EndProject
Project("{9A19103F-16F7-4668-BE54-9A1E7A4F7556}") = "LogicLens.Api", "src\LogicLens.Api\LogicLens.Api.csproj", "{218D09FB-D2F3-4B1D-A15C-8EAA8590C553}"
EndProject
Project("{9A19103F-16F7-4668-BE54-9A1E7A4F7556}") = "LogicLens.EpochCompiler", "tools\LogicLens.EpochCompiler\LogicLens.EpochCompiler.csproj", "{C2A29224-1A56-43EA-99D0-688492E3A8BD}"
EndProject
Project("{9A19103F-16F7-4668-BE54-9A1E7A4F7556}") = "LogicLens.OntologyCompiler", "tools\LogicLens.OntologyCompiler\LogicLens.OntologyCompiler.csproj", "{6E77ACCF-A86D-44F4-A23B-2B2C0B73E6AE}"
EndProject
Project("{9A19103F-16F7-4668-BE54-9A1E7A4F7556}") = "LogicLens.Core.Verification", "tests\LogicLens.Core.Verification\LogicLens.Core.Verification.csproj", "{594B06F7-C87B-4E41-A9A2-640DA678C799}"
EndProject
Project("{9A19103F-16F7-4668-BE54-9A1E7A4F7556}") = "LogicLens.Prolog.Verification", "tests\LogicLens.Prolog.Verification\LogicLens.Prolog.Verification.csproj", "{CB93B18B-8FD7-4EE2-AD9D-CC4734E5A24E}"
EndProject
Project("{9A19103F-16F7-4668-BE54-9A1E7A4F7556}") = "LogicLens.Protocol.Verification", "tests\LogicLens.Protocol.Verification\LogicLens.Protocol.Verification.csproj", "{65236C32-A3D4-4533-9BE2-2F3F42E83C61}"
EndProject
Project("{9A19103F-16F7-4668-BE54-9A1E7A4F7556}") = "LogicLens.Ui.Verification", "tests\LogicLens.Ui.Verification\LogicLens.Ui.Verification.csproj", "{0497C968-A594-426D-91D6-F9F92E3686A9}"
EndProject
Global
	GlobalSection(SolutionConfigurationPlatforms) = preSolution
		Debug|Any CPU = Debug|Any CPU
		Release|Any CPU = Release|Any CPU
	EndGlobalSection
	GlobalSection(ProjectConfigurationPlatforms) = postSolution
		{8C7E57BE-2E42-4D5C-A6D5-A57F71220E16}.Debug|Any CPU.ActiveCfg = Debug|Any CPU
		{8C7E57BE-2E42-4D5C-A6D5-A57F71220E16}.Debug|Any CPU.Build.0 = Debug|Any CPU
		{8C7E57BE-2E42-4D5C-A6D5-A57F71220E16}.Release|Any CPU.ActiveCfg = Release|Any CPU
		{8C7E57BE-2E42-4D5C-A6D5-A57F71220E16}.Release|Any CPU.Build.0 = Release|Any CPU
		{C05E742D-5917-47BC-8677-30AC7C578095}.Debug|Any CPU.ActiveCfg = Debug|Any CPU
		{C05E742D-5917-47BC-8677-30AC7C578095}.Debug|Any CPU.Build.0 = Debug|Any CPU
		{C05E742D-5917-47BC-8677-30AC7C578095}.Release|Any CPU.ActiveCfg = Release|Any CPU
		{C05E742D-5917-47BC-8677-30AC7C578095}.Release|Any CPU.Build.0 = Release|Any CPU
		{ED330744-56BD-4A97-A5F4-4C9D3DC73C93}.Debug|Any CPU.ActiveCfg = Debug|Any CPU
		{ED330744-56BD-4A97-A5F4-4C9D3DC73C93}.Debug|Any CPU.Build.0 = Debug|Any CPU
		{ED330744-56BD-4A97-A5F4-4C9D3DC73C93}.Release|Any CPU.ActiveCfg = Release|Any CPU
		{ED330744-56BD-4A97-A5F4-4C9D3DC73C93}.Release|Any CPU.Build.0 = Release|Any CPU
		{EE3FA6B7-71ED-43B8-BB8A-DA3B15654B37}.Debug|Any CPU.ActiveCfg = Debug|Any CPU
		{EE3FA6B7-71ED-43B8-BB8A-DA3B15654B37}.Debug|Any CPU.Build.0 = Debug|Any CPU
		{EE3FA6B7-71ED-43B8-BB8A-DA3B15654B37}.Release|Any CPU.ActiveCfg = Release|Any CPU
		{EE3FA6B7-71ED-43B8-BB8A-DA3B15654B37}.Release|Any CPU.Build.0 = Release|Any CPU
		{218D09FB-D2F3-4B1D-A15C-8EAA8590C553}.Debug|Any CPU.ActiveCfg = Debug|Any CPU
		{218D09FB-D2F3-4B1D-A15C-8EAA8590C553}.Debug|Any CPU.Build.0 = Debug|Any CPU
		{218D09FB-D2F3-4B1D-A15C-8EAA8590C553}.Release|Any CPU.ActiveCfg = Release|Any CPU
		{218D09FB-D2F3-4B1D-A15C-8EAA8590C553}.Release|Any CPU.Build.0 = Release|Any CPU
		{C2A29224-1A56-43EA-99D0-688492E3A8BD}.Debug|Any CPU.ActiveCfg = Debug|Any CPU
		{C2A29224-1A56-43EA-99D0-688492E3A8BD}.Debug|Any CPU.Build.0 = Debug|Any CPU
		{C2A29224-1A56-43EA-99D0-688492E3A8BD}.Release|Any CPU.ActiveCfg = Release|Any CPU
		{C2A29224-1A56-43EA-99D0-688492E3A8BD}.Release|Any CPU.Build.0 = Release|Any CPU
		{6E77ACCF-A86D-44F4-A23B-2B2C0B73E6AE}.Debug|Any CPU.ActiveCfg = Debug|Any CPU
		{6E77ACCF-A86D-44F4-A23B-2B2C0B73E6AE}.Debug|Any CPU.Build.0 = Debug|Any CPU
		{6E77ACCF-A86D-44F4-A23B-2B2C0B73E6AE}.Release|Any CPU.ActiveCfg = Release|Any CPU
		{6E77ACCF-A86D-44F4-A23B-2B2C0B73E6AE}.Release|Any CPU.Build.0 = Release|Any CPU
		{594B06F7-C87B-4E41-A9A2-640DA678C799}.Debug|Any CPU.ActiveCfg = Debug|Any CPU
		{594B06F7-C87B-4E41-A9A2-640DA678C799}.Debug|Any CPU.Build.0 = Debug|Any CPU
		{594B06F7-C87B-4E41-A9A2-640DA678C799}.Release|Any CPU.ActiveCfg = Release|Any CPU
		{594B06F7-C87B-4E41-A9A2-640DA678C799}.Release|Any CPU.Build.0 = Release|Any CPU
		{CB93B18B-8FD7-4EE2-AD9D-CC4734E5A24E}.Debug|Any CPU.ActiveCfg = Debug|Any CPU
		{CB93B18B-8FD7-4EE2-AD9D-CC4734E5A24E}.Debug|Any CPU.Build.0 = Debug|Any CPU
		{CB93B18B-8FD7-4EE2-AD9D-CC4734E5A24E}.Release|Any CPU.ActiveCfg = Release|Any CPU
		{CB93B18B-8FD7-4EE2-AD9D-CC4734E5A24E}.Release|Any CPU.Build.0 = Release|Any CPU
		{65236C32-A3D4-4533-9BE2-2F3F42E83C61}.Debug|Any CPU.ActiveCfg = Debug|Any CPU
		{65236C32-A3D4-4533-9BE2-2F3F42E83C61}.Debug|Any CPU.Build.0 = Debug|Any CPU
		{65236C32-A3D4-4533-9BE2-2F3F42E83C61}.Release|Any CPU.ActiveCfg = Release|Any CPU
		{65236C32-A3D4-4533-9BE2-2F3F42E83C61}.Release|Any CPU.Build.0 = Release|Any CPU
		{0497C968-A594-426D-91D6-F9F92E3686A9}.Debug|Any CPU.ActiveCfg = Debug|Any CPU
		{0497C968-A594-426D-91D6-F9F92E3686A9}.Debug|Any CPU.Build.0 = Debug|Any CPU
		{0497C968-A594-426D-91D6-F9F92E3686A9}.Release|Any CPU.ActiveCfg = Release|Any CPU
		{0497C968-A594-426D-91D6-F9F92E3686A9}.Release|Any CPU.Build.0 = Release|Any CPU
	EndGlobalSection
	GlobalSection(SolutionProperties) = preSolution
		HideSolutionNode = FALSE
	EndGlobalSection
EndGlobal
